
Microsoft Visual Studio Solution File, Format Version 12.00
# Visual Studio 15
VisualStudioVersion = 15.0.33026.149
MinimumVisualStudioVersion = 10.0.40219.1
Project("{FAE04EC0-301F-11D3-BF4B-00C04F79EFBC}") = "Mn_project04", "Mn_project04\Mn_project04.csproj", "{BE08EE37-0912-444E-84AF-DBCC8938C654}"
EndProject
Global
	GlobalSection(SolutionConfigurationPlatforms) = preSolution
		Debug|Any CPU = Debug|Any CPU
		Release|Any CPU = Release|Any CPU
	EndGlobalSection
	GlobalSection(ProjectConfigurationPlatforms) = postSolution
		{BE08EE37-0912-444E-84AF-DBCC8938C654}.Debug|Any CPU.ActiveCfg = Debug|Any CPU
		{BE08EE37-0912-444E-84AF-DBCC8938C654}.Debug|Any CPU.Build.0 = Debug|Any CPU
		{BE08EE37-0912-444E-84AF-DBCC8938C654}.Release|Any CPU.ActiveCfg = Release|Any CPU
		{BE08EE37-0912-444E-84AF-DBCC8938C654}.Release|Any CPU.Build.0 = Release|Any CPU
	EndGlobalSection
	GlobalSection(SolutionProperties) = preSolution
		HideSolutionNode = FALSE
	EndGlobalSection
	GlobalSection(ExtensibilityGlobals) = postSolution
		SolutionGuid = {95264A59-66D2-4B9E-8407-AAF2FB3504A6}
	EndGlobalSection
EndGlobal
