
Microsoft Visual Studio Solution File, Format Version 12.00
# Visual Studio 15
VisualStudioVersion = 15.0.33026.149
MinimumVisualStudioVersion = 10.0.40219.1
Project("{FAE04EC0-301F-11D3-BF4B-00C04F79EFBC}") = "Mn_project03", "Mn_project03\Mn_project03.csproj", "{7425B314-A837-4184-A0DF-3488A6960DC1}"
EndProject
Global
	GlobalSection(SolutionConfigurationPlatforms) = preSolution
		Debug|Any CPU = Debug|Any CPU
		Release|Any CPU = Release|Any CPU
	EndGlobalSection
	GlobalSection(ProjectConfigurationPlatforms) = postSolution
		{7425B314-A837-4184-A0DF-3488A6960DC1}.Debug|Any CPU.ActiveCfg = Debug|Any CPU
		{7425B314-A837-4184-A0DF-3488A6960DC1}.Debug|Any CPU.Build.0 = Debug|Any CPU
		{7425B314-A837-4184-A0DF-3488A6960DC1}.Release|Any CPU.ActiveCfg = Release|Any CPU
		{7425B314-A837-4184-A0DF-3488A6960DC1}.Release|Any CPU.Build.0 = Release|Any CPU
	EndGlobalSection
	GlobalSection(SolutionProperties) = preSolution
		HideSolutionNode = FALSE
	EndGlobalSection
	GlobalSection(ExtensibilityGlobals) = postSolution
		SolutionGuid = {C834332C-7EBB-4F7C-8778-A38DFA10BF27}
	EndGlobalSection
EndGlobal
